
Microsoft Visual Studio Solution File, Format Version 12.00
# Visual Studio Version 17
VisualStudioVersion = 17.5.33627.172
MinimumVisualStudioVersion = 10.0.40219.1
Project("{FAE04EC0-301F-11D3-BF4B-00C04F79EFBC}") = "DDJY_MedievalGeneAssembler", "DDJY_MedievalGeneAssembler.csproj", "{A479E21B-3F4F-439F-A300-91D21D324F71}"
EndProject
Global
	GlobalSection(SolutionConfigurationPlatforms) = preSolution
		Debug|Any CPU = Debug|Any CPU
		Release|Any CPU = Release|Any CPU
	EndGlobalSection
	GlobalSection(ProjectConfigurationPlatforms) = postSolution
		{A479E21B-3F4F-439F-A300-91D21D324F71}.Debug|Any CPU.ActiveCfg = Debug|Any CPU
		{A479E21B-3F4F-439F-A300-91D21D324F71}.Debug|Any CPU.Build.0 = Debug|Any CPU
		{A479E21B-3F4F-439F-A300-91D21D324F71}.Release|Any CPU.ActiveCfg = Release|Any CPU
		{A479E21B-3F4F-439F-A300-91D21D324F71}.Release|Any CPU.Build.0 = Release|Any CPU
	EndGlobalSection
	GlobalSection(SolutionProperties) = preSolution
		HideSolutionNode = FALSE
	EndGlobalSection
	GlobalSection(ExtensibilityGlobals) = postSolution
		SolutionGuid = {01BC013C-2C8B-4839-A529-8415BDC3D480}
	EndGlobalSection
EndGlobal
